// !$*UTF8*$!
{
	archiveVersion = 1;
	classes = {
	};
	objectVersion = 55;
	objects = {

/* Begin PBXBuildFile section */
		90656A8C278F95DA0041180F /* README.md in Resources */ = {isa = PBXBuildFile; fileRef = 90656A8B278F95DA0041180F /* README.md */; };
		90656A8E278F9EC20041180F /* BottomMenu.swift in Sources */ = {isa = PBXBuildFile; fileRef = 90656A8D278F9EC20041180F /* BottomMenu.swift */; };
		90656A90278FA4E50041180F /* SharingsPicker.swift in Sources */ = {isa = PBXBuildFile; fileRef = 90656A8F278FA4E50041180F /* SharingsPicker.swift */; };
		90922021278E3179001864CF /* AppDelegate.swift in Sources */ = {isa = PBXBuildFile; fileRef = 90922020278E3179001864CF /* AppDelegate.swift */; };
		90922024278E31B8001864CF /* StatusBarController.swift in Sources */ = {isa = PBXBuildFile; fileRef = 90922023278E31B8001864CF /* StatusBarController.swift */; };
		90922026278E31E0001864CF /* EventMonitor.swift in Sources */ = {isa = PBXBuildFile; fileRef = 90922025278E31E0001864CF /* EventMonitor.swift */; };
		90922028278E3212001864CF /* MainViewController.swift in Sources */ = {isa = PBXBuildFile; fileRef = 90922027278E3212001864CF /* MainViewController.swift */; };
		9092202B278E34FE001864CF /* Main.storyboard in Resources */ = {isa = PBXBuildFile; fileRef = 9092202A278E34FE001864CF /* Main.storyboard */; };
		90C5C2442781608300F3EF86 /* naturalApp.swift in Sources */ = {isa = PBXBuildFile; fileRef = 90C5C2432781608300F3EF86 /* naturalApp.swift */; };
		90C5C2462781608300F3EF86 /* ContentView.swift in Sources */ = {isa = PBXBuildFile; fileRef = 90C5C2452781608300F3EF86 /* ContentView.swift */; };
		90C5C2482781608400F3EF86 /* Assets.xcassets in Resources */ = {isa = PBXBuildFile; fileRef = 90C5C2472781608400F3EF86 /* Assets.xcassets */; };
		90C5C24B2781608400F3EF86 /* Preview Assets.xcassets in Resources */ = {isa = PBXBuildFile; fileRef = 90C5C24A2781608400F3EF86 /* Preview Assets.xcassets */; };
		90C5C25527816C2E00F3EF86 /* Extensions.swift in Sources */ = {isa = PBXBuildFile; fileRef = 90C5C25427816C2E00F3EF86 /* Extensions.swift */; };
		90C5C25B278170ED00F3EF86 /* SystemColors in Frameworks */ = {isa = PBXBuildFile; productRef = 90C5C25A278170ED00F3EF86 /* SystemColors */; };
		90C5C25E27822C7500F3EF86 /* DetailWindowController.swift in Sources */ = {isa = PBXBuildFile; fileRef = 90C5C25D27822C7500F3EF86 /* DetailWindowController.swift */; };
		90C5C260278262D500F3EF86 /* ListItem.swift in Sources */ = {isa = PBXBuildFile; fileRef = 90C5C25F278262D500F3EF86 /* ListItem.swift */; };
		90C5C26227826A5900F3EF86 /* Search.swift in Sources */ = {isa = PBXBuildFile; fileRef = 90C5C26127826A5900F3EF86 /* Search.swift */; };
		90C5C26427826AD900F3EF86 /* TextView.swift in Sources */ = {isa = PBXBuildFile; fileRef = 90C5C26327826AD900F3EF86 /* TextView.swift */; };
		90C5C26727826B5900F3EF86 /* ItemList.swift in Sources */ = {isa = PBXBuildFile; fileRef = 90C5C26627826B5900F3EF86 /* ItemList.swift */; };
		90C5C26927826BC200F3EF86 /* AddItem.swift in Sources */ = {isa = PBXBuildFile; fileRef = 90C5C26827826BC200F3EF86 /* AddItem.swift */; };
		90C5C26C27826E5A00F3EF86 /* Data.swift in Sources */ = {isa = PBXBuildFile; fileRef = 90C5C26B27826E5A00F3EF86 /* Data.swift */; };
		90C5C26E278271B100F3EF86 /* MainButton.swift in Sources */ = {isa = PBXBuildFile; fileRef = 90C5C26D278271B100F3EF86 /* MainButton.swift */; };
		90C5C27027828DF900F3EF86 /* Links.swift in Sources */ = {isa = PBXBuildFile; fileRef = 90C5C26F27828DF900F3EF86 /* Links.swift */; };
		90C5C2782782A47200F3EF86 /* GoogleService-Info.plist in Resources */ = {isa = PBXBuildFile; fileRef = 90C5C2772782A47200F3EF86 /* GoogleService-Info.plist */; };
		90C5C27A2782A4CA00F3EF86 /* Store.swift in Sources */ = {isa = PBXBuildFile; fileRef = 90C5C2792782A4CA00F3EF86 /* Store.swift */; };
		90C5C27C2782A50700F3EF86 /* User.swift in Sources */ = {isa = PBXBuildFile; fileRef = 90C5C27B2782A50700F3EF86 /* User.swift */; };
		90C5C27E2783988700F3EF86 /* PopoverView.swift in Sources */ = {isa = PBXBuildFile; fileRef = 90C5C27D2783988700F3EF86 /* PopoverView.swift */; };
		90C5C28027839AB400F3EF86 /* WebView.swift in Sources */ = {isa = PBXBuildFile; fileRef = 90C5C27F27839AB400F3EF86 /* WebView.swift */; };
		90C5C28227839D3900F3EF86 /* SafariPreview.swift in Sources */ = {isa = PBXBuildFile; fileRef = 90C5C28127839D3900F3EF86 /* SafariPreview.swift */; };
		90C5C2842783ACB500F3EF86 /* KeyEvents.swift in Sources */ = {isa = PBXBuildFile; fileRef = 90C5C2832783ACB500F3EF86 /* KeyEvents.swift */; };
		90C8CDB92784D6F700384ACA /* (null) in Embed Frameworks */ = {isa = PBXBuildFile; settings = {ATTRIBUTES = (CodeSignOnCopy, RemoveHeadersOnCopy, ); }; };
		90DDCF4A278E460800F3BF44 /* Introspect in Frameworks */ = {isa = PBXBuildFile; productRef = 90DDCF49278E460800F3BF44 /* Introspect */; };
		90DDCF4C278E4A4100F3BF44 /* Timer.swift in Sources */ = {isa = PBXBuildFile; fileRef = 90DDCF4B278E4A4100F3BF44 /* Timer.swift */; };
		C8F7AB74D1AC0BAAC9F1F947 /* Pods_natural.framework in Frameworks */ = {isa = PBXBuildFile; fileRef = 69BCED08D8A001005941F99B /* Pods_natural.framework */; };
/* End PBXBuildFile section */

/* Begin PBXCopyFilesBuildPhase section */
		90C8CDBA2784D6F700384ACA /* Embed Frameworks */ = {
			isa = PBXCopyFilesBuildPhase;
			buildActionMask = 2147483647;
			dstPath = "";
			dstSubfolderSpec = 10;
			files = (
				90C8CDB92784D6F700384ACA /* (null) in Embed Frameworks */,
			);
			name = "Embed Frameworks";
			runOnlyForDeploymentPostprocessing = 0;
		};
/* End PBXCopyFilesBuildPhase section */

/* Begin PBXFileReference section */
		011BF3AFFB698B0EBC1A6351 /* Pods-natural.debug.xcconfig */ = {isa = PBXFileReference; includeInIndex = 1; lastKnownFileType = text.xcconfig; name = "Pods-natural.debug.xcconfig"; path = "Target Support Files/Pods-natural/Pods-natural.debug.xcconfig"; sourceTree = "<group>"; };
		69BCED08D8A001005941F99B /* Pods_natural.framework */ = {isa = PBXFileReference; explicitFileType = wrapper.framework; includeInIndex = 0; path = Pods_natural.framework; sourceTree = BUILT_PRODUCTS_DIR; };
		90656A87278F95150041180F /* README.md */ = {isa = PBXFileReference; lastKnownFileType = net.daringfireball.markdown; name = README.md; path = natural/README.md; sourceTree = "<group>"; };
		90656A8B278F95DA0041180F /* README.md */ = {isa = PBXFileReference; fileEncoding = 4; lastKnownFileType = net.daringfireball.markdown; name = README.md; path = "../../../Library/Mobile Documents/com~apple~CloudDocs/.Trash/README.md"; sourceTree = "<group>"; };
		90656A8D278F9EC20041180F /* BottomMenu.swift */ = {isa = PBXFileReference; lastKnownFileType = sourcecode.swift; path = BottomMenu.swift; sourceTree = "<group>"; };
		90656A8F278FA4E50041180F /* SharingsPicker.swift */ = {isa = PBXFileReference; lastKnownFileType = sourcecode.swift; path = SharingsPicker.swift; sourceTree = "<group>"; };
		90922020278E3179001864CF /* AppDelegate.swift */ = {isa = PBXFileReference; lastKnownFileType = sourcecode.swift; path = AppDelegate.swift; sourceTree = "<group>"; };
		90922023278E31B8001864CF /* StatusBarController.swift */ = {isa = PBXFileReference; lastKnownFileType = sourcecode.swift; path = StatusBarController.swift; sourceTree = "<group>"; };
		90922025278E31E0001864CF /* EventMonitor.swift */ = {isa = PBXFileReference; lastKnownFileType = sourcecode.swift; path = EventMonitor.swift; sourceTree = "<group>"; };
		90922027278E3212001864CF /* MainViewController.swift */ = {isa = PBXFileReference; lastKnownFileType = sourcecode.swift; path = MainViewController.swift; sourceTree = "<group>"; };
		90922029278E3383001864CF /* Info.plist */ = {isa = PBXFileReference; lastKnownFileType = text.plist; path = Info.plist; sourceTree = "<group>"; };
		9092202A278E34FE001864CF /* Main.storyboard */ = {isa = PBXFileReference; fileEncoding = 4; lastKnownFileType = file.storyboard; path = Main.storyboard; sourceTree = "<group>"; };
		90C5C2402781608300F3EF86 /* natural.app */ = {isa = PBXFileReference; explicitFileType = wrapper.application; includeInIndex = 0; path = natural.app; sourceTree = BUILT_PRODUCTS_DIR; };
		90C5C2432781608300F3EF86 /* naturalApp.swift */ = {isa = PBXFileReference; lastKnownFileType = sourcecode.swift; path = naturalApp.swift; sourceTree = "<group>"; };
		90C5C2452781608300F3EF86 /* ContentView.swift */ = {isa = PBXFileReference; indentWidth = 2; lastKnownFileType = sourcecode.swift; path = ContentView.swift; sourceTree = "<group>"; tabWidth = 2; };
		90C5C2472781608400F3EF86 /* Assets.xcassets */ = {isa = PBXFileReference; lastKnownFileType = folder.assetcatalog; path = Assets.xcassets; sourceTree = "<group>"; };
		90C5C24A2781608400F3EF86 /* Preview Assets.xcassets */ = {isa = PBXFileReference; lastKnownFileType = folder.assetcatalog; path = "Preview Assets.xcassets"; sourceTree = "<group>"; };
		90C5C24C2781608400F3EF86 /* natural.entitlements */ = {isa = PBXFileReference; lastKnownFileType = text.plist.entitlements; path = natural.entitlements; sourceTree = "<group>"; };
		90C5C25427816C2E00F3EF86 /* Extensions.swift */ = {isa = PBXFileReference; lastKnownFileType = sourcecode.swift; path = Extensions.swift; sourceTree = "<group>"; };
		90C5C25D27822C7500F3EF86 /* DetailWindowController.swift */ = {isa = PBXFileReference; lastKnownFileType = sourcecode.swift; path = DetailWindowController.swift; sourceTree = "<group>"; };
		90C5C25F278262D500F3EF86 /* ListItem.swift */ = {isa = PBXFileReference; lastKnownFileType = sourcecode.swift; path = ListItem.swift; sourceTree = "<group>"; };
		90C5C26127826A5900F3EF86 /* Search.swift */ = {isa = PBXFileReference; lastKnownFileType = sourcecode.swift; path = Search.swift; sourceTree = "<group>"; };
		90C5C26327826AD900F3EF86 /* TextView.swift */ = {isa = PBXFileReference; indentWidth = 2; lastKnownFileType = sourcecode.swift; path = TextView.swift; sourceTree = "<group>"; tabWidth = 2; };
		90C5C26627826B5900F3EF86 /* ItemList.swift */ = {isa = PBXFileReference; lastKnownFileType = sourcecode.swift; path = ItemList.swift; sourceTree = "<group>"; };
		90C5C26827826BC200F3EF86 /* AddItem.swift */ = {isa = PBXFileReference; lastKnownFileType = sourcecode.swift; path = AddItem.swift; sourceTree = "<group>"; };
		90C5C26B27826E5A00F3EF86 /* Data.swift */ = {isa = PBXFileReference; lastKnownFileType = sourcecode.swift; path = Data.swift; sourceTree = "<group>"; };
		90C5C26D278271B100F3EF86 /* MainButton.swift */ = {isa = PBXFileReference; lastKnownFileType = sourcecode.swift; path = MainButton.swift; sourceTree = "<group>"; };
		90C5C26F27828DF900F3EF86 /* Links.swift */ = {isa = PBXFileReference; lastKnownFileType = sourcecode.swift; path = Links.swift; sourceTree = "<group>"; };
		90C5C2772782A47200F3EF86 /* GoogleService-Info.plist */ = {isa = PBXFileReference; fileEncoding = 4; lastKnownFileType = text.plist.xml; path = "GoogleService-Info.plist"; sourceTree = "<group>"; };
		90C5C2792782A4CA00F3EF86 /* Store.swift */ = {isa = PBXFileReference; lastKnownFileType = sourcecode.swift; path = Store.swift; sourceTree = "<group>"; };
		90C5C27B2782A50700F3EF86 /* User.swift */ = {isa = PBXFileReference; lastKnownFileType = sourcecode.swift; path = User.swift; sourceTree = "<group>"; };
		90C5C27D2783988700F3EF86 /* PopoverView.swift */ = {isa = PBXFileReference; lastKnownFileType = sourcecode.swift; path = PopoverView.swift; sourceTree = "<group>"; };
		90C5C27F27839AB400F3EF86 /* WebView.swift */ = {isa = PBXFileReference; lastKnownFileType = sourcecode.swift; path = WebView.swift; sourceTree = "<group>"; };
		90C5C28127839D3900F3EF86 /* SafariPreview.swift */ = {isa = PBXFileReference; lastKnownFileType = sourcecode.swift; path = SafariPreview.swift; sourceTree = "<group>"; };
		90C5C2832783ACB500F3EF86 /* KeyEvents.swift */ = {isa = PBXFileReference; lastKnownFileType = sourcecode.swift; path = KeyEvents.swift; sourceTree = "<group>"; };
		90DDCF4B278E4A4100F3BF44 /* Timer.swift */ = {isa = PBXFileReference; lastKnownFileType = sourcecode.swift; path = Timer.swift; sourceTree = "<group>"; };
		FA3340BC05CFEEA63A33FBA6 /* Pods-natural.release.xcconfig */ = {isa = PBXFileReference; includeInIndex = 1; lastKnownFileType = text.xcconfig; name = "Pods-natural.release.xcconfig"; path = "Target Support Files/Pods-natural/Pods-natural.release.xcconfig"; sourceTree = "<group>"; };
/* End PBXFileReference section */

/* Begin PBXFrameworksBuildPhase section */
		90C5C23D2781608300F3EF86 /* Frameworks */ = {
			isa = PBXFrameworksBuildPhase;
			buildActionMask = 2147483647;
			files = (
				90DDCF4A278E460800F3BF44 /* Introspect in Frameworks */,
				90C5C25B278170ED00F3EF86 /* SystemColors in Frameworks */,
				C8F7AB74D1AC0BAAC9F1F947 /* Pods_natural.framework in Frameworks */,
			);
			runOnlyForDeploymentPostprocessing = 0;
		};
/* End PBXFrameworksBuildPhase section */

/* Begin PBXGroup section */
		868756308725D81AD2A55E6F /* Pods */ = {
			isa = PBXGroup;
			children = (
				011BF3AFFB698B0EBC1A6351 /* Pods-natural.debug.xcconfig */,
				FA3340BC05CFEEA63A33FBA6 /* Pods-natural.release.xcconfig */,
			);
			path = Pods;
			sourceTree = "<group>";
		};
		90C5C2372781608300F3EF86 = {
			isa = PBXGroup;
			children = (
				90656A8B278F95DA0041180F /* README.md */,
				90C5C2422781608300F3EF86 /* natural */,
				D5B38D23867AAA3B82089CDF /* Frameworks */,
				90C5C2412781608300F3EF86 /* Products */,
				868756308725D81AD2A55E6F /* Pods */,
			);
			sourceTree = "<group>";
		};
		90C5C2412781608300F3EF86 /* Products */ = {
			isa = PBXGroup;
			children = (
				90C5C2402781608300F3EF86 /* natural.app */,
			);
			name = Products;
			sourceTree = "<group>";
		};
		90C5C2422781608300F3EF86 /* natural */ = {
			isa = PBXGroup;
			children = (
				90922029278E3383001864CF /* Info.plist */,
				90C5C26A27826E4F00F3EF86 /* Data */,
				90C5C27227828E1300F3EF86 /* Delegate */,
				90C5C25C27822C6400F3EF86 /* Helpers */,
				90C5C27127828DFC00F3EF86 /* ViewModel */,
				90C5C27427828E4300F3EF86 /* Home */,
				90C5C26527826B3B00F3EF86 /* Components */,
				90C5C25627816DD800F3EF86 /* Views */,
				90C5C27327828E2400F3EF86 /* Utilities */,
				90C5C2472781608400F3EF86 /* Assets.xcassets */,
				9092202A278E34FE001864CF /* Main.storyboard */,
				90C5C24C2781608400F3EF86 /* natural.entitlements */,
				90C5C2772782A47200F3EF86 /* GoogleService-Info.plist */,
				90C5C2492781608400F3EF86 /* Preview Content */,
			);
			path = natural;
			sourceTree = "<group>";
		};
		90C5C2492781608400F3EF86 /* Preview Content */ = {
			isa = PBXGroup;
			children = (
				90C5C24A2781608400F3EF86 /* Preview Assets.xcassets */,
			);
			path = "Preview Content";
			sourceTree = "<group>";
		};
		90C5C25627816DD800F3EF86 /* Views */ = {
			isa = PBXGroup;
			children = (
				90C5C25F278262D500F3EF86 /* ListItem.swift */,
				90C5C26127826A5900F3EF86 /* Search.swift */,
				90C5C26327826AD900F3EF86 /* TextView.swift */,
				90C5C26D278271B100F3EF86 /* MainButton.swift */,
				90C5C27D2783988700F3EF86 /* PopoverView.swift */,
				90C5C27F27839AB400F3EF86 /* WebView.swift */,
				90C5C28127839D3900F3EF86 /* SafariPreview.swift */,
				90656A8D278F9EC20041180F /* BottomMenu.swift */,
			);
			path = Views;
			sourceTree = "<group>";
		};
		90C5C25C27822C6400F3EF86 /* Helpers */ = {
			isa = PBXGroup;
			children = (
				90C5C25D27822C7500F3EF86 /* DetailWindowController.swift */,
				90922023278E31B8001864CF /* StatusBarController.swift */,
				90922025278E31E0001864CF /* EventMonitor.swift */,
				90DDCF4B278E4A4100F3BF44 /* Timer.swift */,
				90656A8F278FA4E50041180F /* SharingsPicker.swift */,
			);
			path = Helpers;
			sourceTree = "<group>";
		};
		90C5C26527826B3B00F3EF86 /* Components */ = {
			isa = PBXGroup;
			children = (
				90C5C26627826B5900F3EF86 /* ItemList.swift */,
				90C5C26827826BC200F3EF86 /* AddItem.swift */,
			);
			path = Components;
			sourceTree = "<group>";
		};
		90C5C26A27826E4F00F3EF86 /* Data */ = {
			isa = PBXGroup;
			children = (
				90C5C26B27826E5A00F3EF86 /* Data.swift */,
				90C5C2792782A4CA00F3EF86 /* Store.swift */,
			);
			path = Data;
			sourceTree = "<group>";
		};
		90C5C27127828DFC00F3EF86 /* ViewModel */ = {
			isa = PBXGroup;
			children = (
				90C5C26F27828DF900F3EF86 /* Links.swift */,
				90C5C27B2782A50700F3EF86 /* User.swift */,
			);
			path = ViewModel;
			sourceTree = "<group>";
		};
		90C5C27227828E1300F3EF86 /* Delegate */ = {
			isa = PBXGroup;
			children = (
				90C5C2432781608300F3EF86 /* naturalApp.swift */,
				90C5C2832783ACB500F3EF86 /* KeyEvents.swift */,
				90922020278E3179001864CF /* AppDelegate.swift */,
				90922027278E3212001864CF /* MainViewController.swift */,
			);
			path = Delegate;
			sourceTree = "<group>";
		};
		90C5C27327828E2400F3EF86 /* Utilities */ = {
			isa = PBXGroup;
			children = (
				90C5C25427816C2E00F3EF86 /* Extensions.swift */,
			);
			path = Utilities;
			sourceTree = "<group>";
		};
		90C5C27427828E4300F3EF86 /* Home */ = {
			isa = PBXGroup;
			children = (
				90C5C2452781608300F3EF86 /* ContentView.swift */,
			);
			path = Home;
			sourceTree = "<group>";
		};
		D5B38D23867AAA3B82089CDF /* Frameworks */ = {
			isa = PBXGroup;
			children = (
				90656A87278F95150041180F /* README.md */,
				69BCED08D8A001005941F99B /* Pods_natural.framework */,
			);
			name = Frameworks;
			sourceTree = "<group>";
		};
/* End PBXGroup section */

/* Begin PBXNativeTarget section */
		90C5C23F2781608300F3EF86 /* natural */ = {
			isa = PBXNativeTarget;
			buildConfigurationList = 90C5C24F2781608400F3EF86 /* Build configuration list for PBXNativeTarget "natural" */;
			buildPhases = (
				169CD3D53DB430FC263F781F /* [CP] Check Pods Manifest.lock */,
				90C5C23C2781608300F3EF86 /* Sources */,
				90C5C23D2781608300F3EF86 /* Frameworks */,
				90C5C23E2781608300F3EF86 /* Resources */,
				90C8CDBA2784D6F700384ACA /* Embed Frameworks */,
				205C48D6A0B47F3FF0E778CD /* [CP] Embed Pods Frameworks */,
			);
			buildRules = (
			);
			dependencies = (
			);
			name = natural;
			packageProductDependencies = (
				90C5C25A278170ED00F3EF86 /* SystemColors */,
				90DDCF49278E460800F3BF44 /* Introspect */,
			);
			productName = natural;
			productReference = 90C5C2402781608300F3EF86 /* natural.app */;
			productType = "com.apple.product-type.application";
		};
/* End PBXNativeTarget section */

/* Begin PBXProject section */
		90C5C2382781608300F3EF86 /* Project object */ = {
			isa = PBXProject;
			attributes = {
				BuildIndependentTargetsInParallel = 1;
				LastSwiftUpdateCheck = 1320;
				LastUpgradeCheck = 1320;
				TargetAttributes = {
					90C5C23F2781608300F3EF86 = {
						CreatedOnToolsVersion = 13.2.1;
					};
				};
			};
			buildConfigurationList = 90C5C23B2781608300F3EF86 /* Build configuration list for PBXProject "natural" */;
			compatibilityVersion = "Xcode 13.0";
			developmentRegion = en;
			hasScannedForEncodings = 0;
			knownRegions = (
				en,
				Base,
			);
			mainGroup = 90C5C2372781608300F3EF86;
			packageReferences = (
				90C5C259278170ED00F3EF86 /* XCRemoteSwiftPackageReference "swiftui-system-colors" */,
				90DDCF48278E460800F3BF44 /* XCRemoteSwiftPackageReference "SwiftUI-Introspect" */,
			);
			productRefGroup = 90C5C2412781608300F3EF86 /* Products */;
			projectDirPath = "";
			projectRoot = "";
			targets = (
				90C5C23F2781608300F3EF86 /* natural */,
			);
		};
/* End PBXProject section */

/* Begin PBXResourcesBuildPhase section */
		90C5C23E2781608300F3EF86 /* Resources */ = {
			isa = PBXResourcesBuildPhase;
			buildActionMask = 2147483647;
			files = (
				90656A8C278F95DA0041180F /* README.md in Resources */,
				90C5C24B2781608400F3EF86 /* Preview Assets.xcassets in Resources */,
				90C5C2482781608400F3EF86 /* Assets.xcassets in Resources */,
				90C5C2782782A47200F3EF86 /* GoogleService-Info.plist in Resources */,
				9092202B278E34FE001864CF /* Main.storyboard in Resources */,
			);
			runOnlyForDeploymentPostprocessing = 0;
		};
/* End PBXResourcesBuildPhase section */

/* Begin PBXShellScriptBuildPhase section */
		169CD3D53DB430FC263F781F /* [CP] Check Pods Manifest.lock */ = {
			isa = PBXShellScriptBuildPhase;
			buildActionMask = 2147483647;
			files = (
			);
			inputFileListPaths = (
			);
			inputPaths = (
				"${PODS_PODFILE_DIR_PATH}/Podfile.lock",
				"${PODS_ROOT}/Manifest.lock",
			);
			name = "[CP] Check Pods Manifest.lock";
			outputFileListPaths = (
			);
			outputPaths = (
				"$(DERIVED_FILE_DIR)/Pods-natural-checkManifestLockResult.txt",
			);
			runOnlyForDeploymentPostprocessing = 0;
			shellPath = /bin/sh;
			shellScript = "diff \"${PODS_PODFILE_DIR_PATH}/Podfile.lock\" \"${PODS_ROOT}/Manifest.lock\" > /dev/null\nif [ $? != 0 ] ; then\n    # print error to STDERR\n    echo \"error: The sandbox is not in sync with the Podfile.lock. Run 'pod install' or update your CocoaPods installation.\" >&2\n    exit 1\nfi\n# This output is used by Xcode 'outputs' to avoid re-running this script phase.\necho \"SUCCESS\" > \"${SCRIPT_OUTPUT_FILE_0}\"\n";
			showEnvVarsInLog = 0;
		};
		205C48D6A0B47F3FF0E778CD /* [CP] Embed Pods Frameworks */ = {
			isa = PBXShellScriptBuildPhase;
			buildActionMask = 2147483647;
			files = (
			);
			inputFileListPaths = (
				"${PODS_ROOT}/Target Support Files/Pods-natural/Pods-natural-frameworks-${CONFIGURATION}-input-files.xcfilelist",
			);
			name = "[CP] Embed Pods Frameworks";
			outputFileListPaths = (
				"${PODS_ROOT}/Target Support Files/Pods-natural/Pods-natural-frameworks-${CONFIGURATION}-output-files.xcfilelist",
			);
			runOnlyForDeploymentPostprocessing = 0;
			shellPath = /bin/sh;
			shellScript = "\"${PODS_ROOT}/Target Support Files/Pods-natural/Pods-natural-frameworks.sh\"\n";
			showEnvVarsInLog = 0;
		};
/* End PBXShellScriptBuildPhase section */

/* Begin PBXSourcesBuildPhase section */
		90C5C23C2781608300F3EF86 /* Sources */ = {
			isa = PBXSourcesBuildPhase;
			buildActionMask = 2147483647;
			files = (
				90C5C260278262D500F3EF86 /* ListItem.swift in Sources */,
				90922028278E3212001864CF /* MainViewController.swift in Sources */,
				90C5C28027839AB400F3EF86 /* WebView.swift in Sources */,
				90922021278E3179001864CF /* AppDelegate.swift in Sources */,
				90C5C26C27826E5A00F3EF86 /* Data.swift in Sources */,
				90C5C2462781608300F3EF86 /* ContentView.swift in Sources */,
				90656A90278FA4E50041180F /* SharingsPicker.swift in Sources */,
				90C5C27E2783988700F3EF86 /* PopoverView.swift in Sources */,
				90C5C25527816C2E00F3EF86 /* Extensions.swift in Sources */,
				90C5C26427826AD900F3EF86 /* TextView.swift in Sources */,
				90C5C26727826B5900F3EF86 /* ItemList.swift in Sources */,
				90C5C27C2782A50700F3EF86 /* User.swift in Sources */,
				90C5C26927826BC200F3EF86 /* AddItem.swift in Sources */,
				90C5C2842783ACB500F3EF86 /* KeyEvents.swift in Sources */,
				90C5C27A2782A4CA00F3EF86 /* Store.swift in Sources */,
				90922024278E31B8001864CF /* StatusBarController.swift in Sources */,
				90DDCF4C278E4A4100F3BF44 /* Timer.swift in Sources */,
				90C5C27027828DF900F3EF86 /* Links.swift in Sources */,
				90C5C28227839D3900F3EF86 /* SafariPreview.swift in Sources */,
				90C5C26227826A5900F3EF86 /* Search.swift in Sources */,
				90C5C25E27822C7500F3EF86 /* DetailWindowController.swift in Sources */,
				90922026278E31E0001864CF /* EventMonitor.swift in Sources */,
				90656A8E278F9EC20041180F /* BottomMenu.swift in Sources */,
				90C5C2442781608300F3EF86 /* naturalApp.swift in Sources */,
				90C5C26E278271B100F3EF86 /* MainButton.swift in Sources */,
			);
			runOnlyForDeploymentPostprocessing = 0;
		};
/* End PBXSourcesBuildPhase section */

/* Begin XCBuildConfiguration section */
		90C5C24D2781608400F3EF86 /* Debug */ = {
			isa = XCBuildConfiguration;
			buildSettings = {
				ALWAYS_SEARCH_USER_PATHS = NO;
				CLANG_ANALYZER_NONNULL = YES;
				CLANG_ANALYZER_NUMBER_OBJECT_CONVERSION = YES_AGGRESSIVE;
				CLANG_CXX_LANGUAGE_STANDARD = "gnu++17";
				CLANG_CXX_LIBRARY = "libc++";
				CLANG_ENABLE_MODULES = YES;
				CLANG_ENABLE_OBJC_ARC = YES;
				CLANG_ENABLE_OBJC_WEAK = YES;
				CLANG_WARN_BLOCK_CAPTURE_AUTORELEASING = YES;
				CLANG_WARN_BOOL_CONVERSION = YES;
				CLANG_WARN_COMMA = YES;
				CLANG_WARN_CONSTANT_CONVERSION = YES;
				CLANG_WARN_DEPRECATED_OBJC_IMPLEMENTATIONS = YES;
				CLANG_WARN_DIRECT_OBJC_ISA_USAGE = YES_ERROR;
				CLANG_WARN_DOCUMENTATION_COMMENTS = YES;
				CLANG_WARN_EMPTY_BODY = YES;
				CLANG_WARN_ENUM_CONVERSION = YES;
				CLANG_WARN_INFINITE_RECURSION = YES;
				CLANG_WARN_INT_CONVERSION = YES;
				CLANG_WARN_NON_LITERAL_NULL_CONVERSION = YES;
				CLANG_WARN_OBJC_IMPLICIT_RETAIN_SELF = YES;
				CLANG_WARN_OBJC_LITERAL_CONVERSION = YES;
				CLANG_WARN_OBJC_ROOT_CLASS = YES_ERROR;
				CLANG_WARN_QUOTED_INCLUDE_IN_FRAMEWORK_HEADER = YES;
				CLANG_WARN_RANGE_LOOP_ANALYSIS = YES;
				CLANG_WARN_STRICT_PROTOTYPES = YES;
				CLANG_WARN_SUSPICIOUS_MOVE = YES;
				CLANG_WARN_UNGUARDED_AVAILABILITY = YES_AGGRESSIVE;
				CLANG_WARN_UNREACHABLE_CODE = YES;
				CLANG_WARN__DUPLICATE_METHOD_MATCH = YES;
				COPY_PHASE_STRIP = NO;
				DEBUG_INFORMATION_FORMAT = dwarf;
				ENABLE_STRICT_OBJC_MSGSEND = YES;
				ENABLE_TESTABILITY = YES;
				GCC_C_LANGUAGE_STANDARD = gnu11;
				GCC_DYNAMIC_NO_PIC = NO;
				GCC_NO_COMMON_BLOCKS = YES;
				GCC_OPTIMIZATION_LEVEL = 0;
				GCC_PREPROCESSOR_DEFINITIONS = (
					"DEBUG=1",
					"$(inherited)",
				);
				GCC_WARN_64_TO_32_BIT_CONVERSION = YES;
				GCC_WARN_ABOUT_RETURN_TYPE = YES_ERROR;
				GCC_WARN_UNDECLARED_SELECTOR = YES;
				GCC_WARN_UNINITIALIZED_AUTOS = YES_AGGRESSIVE;
				GCC_WARN_UNUSED_FUNCTION = YES;
				GCC_WARN_UNUSED_VARIABLE = YES;
				MACOSX_DEPLOYMENT_TARGET = 12.0;
				MTL_ENABLE_DEBUG_INFO = INCLUDE_SOURCE;
				MTL_FAST_MATH = YES;
				ONLY_ACTIVE_ARCH = YES;
				PRODUCT_NAME = "lil links";
				SDKROOT = macosx;
				SWIFT_ACTIVE_COMPILATION_CONDITIONS = DEBUG;
				SWIFT_OPTIMIZATION_LEVEL = "-Onone";
			};
			name = Debug;
		};
		90C5C24E2781608400F3EF86 /* Release */ = {
			isa = XCBuildConfiguration;
			buildSettings = {
				ALWAYS_SEARCH_USER_PATHS = NO;
				CLANG_ANALYZER_NONNULL = YES;
				CLANG_ANALYZER_NUMBER_OBJECT_CONVERSION = YES_AGGRESSIVE;
				CLANG_CXX_LANGUAGE_STANDARD = "gnu++17";
				CLANG_CXX_LIBRARY = "libc++";
				CLANG_ENABLE_MODULES = YES;
				CLANG_ENABLE_OBJC_ARC = YES;
				CLANG_ENABLE_OBJC_WEAK = YES;
				CLANG_WARN_BLOCK_CAPTURE_AUTORELEASING = YES;
				CLANG_WARN_BOOL_CONVERSION = YES;
				CLANG_WARN_COMMA = YES;
				CLANG_WARN_CONSTANT_CONVERSION = YES;
				CLANG_WARN_DEPRECATED_OBJC_IMPLEMENTATIONS = YES;
				CLANG_WARN_DIRECT_OBJC_ISA_USAGE = YES_ERROR;
				CLANG_WARN_DOCUMENTATION_COMMENTS = YES;
				CLANG_WARN_EMPTY_BODY = YES;
				CLANG_WARN_ENUM_CONVERSION = YES;
				CLANG_WARN_INFINITE_RECURSION = YES;
				CLANG_WARN_INT_CONVERSION = YES;
				CLANG_WARN_NON_LITERAL_NULL_CONVERSION = YES;
				CLANG_WARN_OBJC_IMPLICIT_RETAIN_SELF = YES;
				CLANG_WARN_OBJC_LITERAL_CONVERSION = YES;
				CLANG_WARN_OBJC_ROOT_CLASS = YES_ERROR;
				CLANG_WARN_QUOTED_INCLUDE_IN_FRAMEWORK_HEADER = YES;
				CLANG_WARN_RANGE_LOOP_ANALYSIS = YES;
				CLANG_WARN_STRICT_PROTOTYPES = YES;
				CLANG_WARN_SUSPICIOUS_MOVE = YES;
				CLANG_WARN_UNGUARDED_AVAILABILITY = YES_AGGRESSIVE;
				CLANG_WARN_UNREACHABLE_CODE = YES;
				CLANG_WARN__DUPLICATE_METHOD_MATCH = YES;
				COPY_PHASE_STRIP = NO;
				DEBUG_INFORMATION_FORMAT = "dwarf-with-dsym";
				ENABLE_NS_ASSERTIONS = NO;
				ENABLE_STRICT_OBJC_MSGSEND = YES;
				GCC_C_LANGUAGE_STANDARD = gnu11;
				GCC_NO_COMMON_BLOCKS = YES;
				GCC_WARN_64_TO_32_BIT_CONVERSION = YES;
				GCC_WARN_ABOUT_RETURN_TYPE = YES_ERROR;
				GCC_WARN_UNDECLARED_SELECTOR = YES;
				GCC_WARN_UNINITIALIZED_AUTOS = YES_AGGRESSIVE;
				GCC_WARN_UNUSED_FUNCTION = YES;
				GCC_WARN_UNUSED_VARIABLE = YES;
				MACOSX_DEPLOYMENT_TARGET = 12.0;
				MTL_ENABLE_DEBUG_INFO = NO;
				MTL_FAST_MATH = YES;
				PRODUCT_NAME = "lil links";
				SDKROOT = macosx;
				SWIFT_COMPILATION_MODE = wholemodule;
				SWIFT_OPTIMIZATION_LEVEL = "-O";
			};
			name = Release;
		};
		90C5C2502781608400F3EF86 /* Debug */ = {
			isa = XCBuildConfiguration;
			baseConfigurationReference = 011BF3AFFB698B0EBC1A6351 /* Pods-natural.debug.xcconfig */;
			buildSettings = {
				ASSETCATALOG_COMPILER_APPICON_NAME = AppIcon;
				ASSETCATALOG_COMPILER_GLOBAL_ACCENT_COLOR_NAME = AccentColor;
				ASSETCATALOG_COMPILER_INCLUDE_ALL_APPICON_ASSETS = YES;
				CODE_SIGN_ENTITLEMENTS = natural/natural.entitlements;
				CODE_SIGN_IDENTITY = "-";
				CODE_SIGN_STYLE = Automatic;
				COMBINE_HIDPI_IMAGES = YES;
				CURRENT_PROJECT_VERSION = 7;
				DEVELOPMENT_ASSET_PATHS = "\"natural/Preview Content\"";
				DEVELOPMENT_TEAM = HE452HL4WS;
				ENABLE_HARDENED_RUNTIME = NO;
				ENABLE_PREVIEWS = YES;
				GENERATE_INFOPLIST_FILE = YES;
				INFOPLIST_FILE = natural/Info.plist;
				INFOPLIST_KEY_LSApplicationCategoryType = "public.app-category.utilities";
				INFOPLIST_KEY_NSHumanReadableCopyright = "";
				INFOPLIST_KEY_NSMainStoryboardFile = Main;
				LD_RUNPATH_SEARCH_PATHS = (
					"$(inherited)",
					"@executable_path/../Frameworks",
				);
				MARKETING_VERSION = 1.0.1;
				PRODUCT_BUNDLE_IDENTIFIER = com.tylerj.natural;
				PRODUCT_NAME = "$(TARGET_NAME)";
				SWIFT_EMIT_LOC_STRINGS = YES;
				SWIFT_VERSION = 5.0;
			};
			name = Debug;
		};
		90C5C2512781608400F3EF86 /* Release */ = {
			isa = XCBuildConfiguration;
			baseConfigurationReference = FA3340BC05CFEEA63A33FBA6 /* Pods-natural.release.xcconfig */;
			buildSettings = {
				ASSETCATALOG_COMPILER_APPICON_NAME = AppIcon;
				ASSETCATALOG_COMPILER_GLOBAL_ACCENT_COLOR_NAME = AccentColor;
				ASSETCATALOG_COMPILER_INCLUDE_ALL_APPICON_ASSETS = YES;
				CODE_SIGN_ENTITLEMENTS = natural/natural.entitlements;
				CODE_SIGN_IDENTITY = "-";
				CODE_SIGN_STYLE = Automatic;
				COMBINE_HIDPI_IMAGES = YES;
				CURRENT_PROJECT_VERSION = 7;
				DEVELOPMENT_ASSET_PATHS = "\"natural/Preview Content\"";
				DEVELOPMENT_TEAM = HE452HL4WS;
				ENABLE_HARDENED_RUNTIME = NO;
				ENABLE_PREVIEWS = YES;
				GENERATE_INFOPLIST_FILE = YES;
				INFOPLIST_FILE = natural/Info.plist;
				INFOPLIST_KEY_LSApplicationCategoryType = "public.app-category.utilities";
				INFOPLIST_KEY_NSHumanReadableCopyright = "";
				INFOPLIST_KEY_NSMainStoryboardFile = Main;
				LD_RUNPATH_SEARCH_PATHS = (
					"$(inherited)",
					"@executable_path/../Frameworks",
				);
				MARKETING_VERSION = 1.0.1;
				PRODUCT_BUNDLE_IDENTIFIER = com.tylerj.natural;
				PRODUCT_NAME = "lil links";
				SWIFT_EMIT_LOC_STRINGS = YES;
				SWIFT_VERSION = 5.0;
			};
			name = Release;
		};
/* End XCBuildConfiguration section */

/* Begin XCConfigurationList section */
		90C5C23B2781608300F3EF86 /* Build configuration list for PBXProject "natural" */ = {
			isa = XCConfigurationList;
			buildConfigurations = (
				90C5C24D2781608400F3EF86 /* Debug */,
				90C5C24E2781608400F3EF86 /* Release */,
			);
			defaultConfigurationIsVisible = 0;
			defaultConfigurationName = Release;
		};
		90C5C24F2781608400F3EF86 /* Build configuration list for PBXNativeTarget "natural" */ = {
			isa = XCConfigurationList;
			buildConfigurations = (
				90C5C2502781608400F3EF86 /* Debug */,
				90C5C2512781608400F3EF86 /* Release */,
			);
			defaultConfigurationIsVisible = 0;
			defaultConfigurationName = Release;
		};
/* End XCConfigurationList section */

/* Begin XCRemoteSwiftPackageReference section */
		90C5C259278170ED00F3EF86 /* XCRemoteSwiftPackageReference "swiftui-system-colors" */ = {
			isa = XCRemoteSwiftPackageReference;
			repositoryURL = "https://github.com/diniska/swiftui-system-colors";
			requirement = {
				kind = upToNextMajorVersion;
				minimumVersion = 1.0.0;
			};
		};
		90DDCF48278E460800F3BF44 /* XCRemoteSwiftPackageReference "SwiftUI-Introspect" */ = {
			isa = XCRemoteSwiftPackageReference;
			repositoryURL = "https://github.com/siteline/SwiftUI-Introspect";
			requirement = {
				kind = upToNextMajorVersion;
				minimumVersion = 0.1.3;
			};
		};
/* End XCRemoteSwiftPackageReference section */

/* Begin XCSwiftPackageProductDependency section */
		90C5C25A278170ED00F3EF86 /* SystemColors */ = {
			isa = XCSwiftPackageProductDependency;
			package = 90C5C259278170ED00F3EF86 /* XCRemoteSwiftPackageReference "swiftui-system-colors" */;
			productName = SystemColors;
		};
		90DDCF49278E460800F3BF44 /* Introspect */ = {
			isa = XCSwiftPackageProductDependency;
			package = 90DDCF48278E460800F3BF44 /* XCRemoteSwiftPackageReference "SwiftUI-Introspect" */;
			productName = Introspect;
		};
/* End XCSwiftPackageProductDependency section */
	};
	rootObject = 90C5C2382781608300F3EF86 /* Project object */;
}
