{
  "object": {
    "pins": [
      {
        "package": "Introspect",
        "repositoryURL": "https://github.com/siteline/SwiftUI-Introspect",
        "state": {
          "branch": null,
          "revision": "2e09be8af614401bc9f87d40093ec19ce56ccaf2",
          "version": "0.1.3"
        }
      },
      {
        "package": "SystemColors",
        "repositoryURL": "https://github.com/diniska/swiftui-system-colors",
        "state": {
          "branch": null,
          "revision": "56122629d6321eee77cbe8e19733c14e8895528c",
          "version": "1.1.0"
        }
      }
    ]
  },
  "version": 1
}
